
Microsoft Visual Studio Solution File, Format Version 12.00
# Visual Studio 15
VisualStudioVersion = 15.0.28307.329
MinimumVisualStudioVersion = 10.0.40219.1
Project("{8BC9CEB8-8B4A-11D0-8D11-00A0C91BC942}") = "Demo", "Demo\Demo.vcxproj", "{D9B11FF1-5E79-45CE-927A-87137406B816}"
EndProject
Project("{8BC9CEB8-8B4A-11D0-8D11-00A0C91BC942}") = "CreateData", "CreateData\CreateData.vcxproj", "{6498026D-EB63-4FB3-AD6A-66BD487A14B7}"
EndProject
Global
	GlobalSection(SolutionConfigurationPlatforms) = preSolution
		Debug|x64 = Debug|x64
		Debug|x86 = Debug|x86
		Release|x64 = Release|x64
		Release|x86 = Release|x86
	EndGlobalSection
	GlobalSection(ProjectConfigurationPlatforms) = postSolution
		{D9B11FF1-5E79-45CE-927A-87137406B816}.Debug|x64.ActiveCfg = Debug|x64
		{D9B11FF1-5E79-45CE-927A-87137406B816}.Debug|x64.Build.0 = Debug|x64
		{D9B11FF1-5E79-45CE-927A-87137406B816}.Debug|x86.ActiveCfg = Debug|Win32
		{D9B11FF1-5E79-45CE-927A-87137406B816}.Debug|x86.Build.0 = Debug|Win32
		{D9B11FF1-5E79-45CE-927A-87137406B816}.Release|x64.ActiveCfg = Debug|x64
		{D9B11FF1-5E79-45CE-927A-87137406B816}.Release|x64.Build.0 = Debug|x64
		{D9B11FF1-5E79-45CE-927A-87137406B816}.Release|x86.ActiveCfg = Release|Win32
		{D9B11FF1-5E79-45CE-927A-87137406B816}.Release|x86.Build.0 = Release|Win32
		{6498026D-EB63-4FB3-AD6A-66BD487A14B7}.Debug|x64.ActiveCfg = Debug|x64
		{6498026D-EB63-4FB3-AD6A-66BD487A14B7}.Debug|x64.Build.0 = Debug|x64
		{6498026D-EB63-4FB3-AD6A-66BD487A14B7}.Debug|x86.ActiveCfg = Debug|Win32
		{6498026D-EB63-4FB3-AD6A-66BD487A14B7}.Debug|x86.Build.0 = Debug|Win32
		{6498026D-EB63-4FB3-AD6A-66BD487A14B7}.Release|x64.ActiveCfg = Debug|x64
		{6498026D-EB63-4FB3-AD6A-66BD487A14B7}.Release|x64.Build.0 = Debug|x64
		{6498026D-EB63-4FB3-AD6A-66BD487A14B7}.Release|x86.ActiveCfg = Release|Win32
		{6498026D-EB63-4FB3-AD6A-66BD487A14B7}.Release|x86.Build.0 = Release|Win32
	EndGlobalSection
	GlobalSection(SolutionProperties) = preSolution
		HideSolutionNode = FALSE
	EndGlobalSection
	GlobalSection(ExtensibilityGlobals) = postSolution
		SolutionGuid = {A53F6D83-1A62-41AE-B8AB-7123F3B28102}
	EndGlobalSection
EndGlobal
