
Microsoft Visual Studio Solution File, Format Version 12.00
# Visual Web Developer Express 2010
Project("{FAE04EC0-301F-11D3-BF4B-00C04F79EFBC}") = "2407", "2407\2407.csproj", "{CD91914B-3D1E-4ABD-98F3-C5704CCF8D4E}"
EndProject
Project("{FAE04EC0-301F-11D3-BF4B-00C04F79EFBC}") = "3107", "3107\3107.csproj", "{4B9A54C6-AA83-4D13-A07C-999C448DD88E}"
EndProject
Project("{FAE04EC0-301F-11D3-BF4B-00C04F79EFBC}") = "0708", "0708\0708.csproj", "{DAA3510D-3C0E-4138-9AF6-584743745CFC}"
EndProject
Project("{FAE04EC0-301F-11D3-BF4B-00C04F79EFBC}") = "2808", "2808\2808.csproj", "{60D8F196-7D83-4DAB-B6FA-29AF61E5A878}"
EndProject
Project("{FAE04EC0-301F-11D3-BF4B-00C04F79EFBC}") = "0409", "0409\0409.csproj", "{83435D92-B1C3-4917-A702-3E3458F2106F}"
EndProject
Project("{FAE04EC0-301F-11D3-BF4B-00C04F79EFBC}") = "1109", "1109\1109.csproj", "{8195E509-F89B-44FF-A8F9-878D0C2BF6FD}"
EndProject
Project("{FAE04EC0-301F-11D3-BF4B-00C04F79EFBC}") = "1809", "1809\1809.csproj", "{D2FB4015-E387-4C5B-9F55-BF5E27F9A4D8}"
EndProject
Project("{FAE04EC0-301F-11D3-BF4B-00C04F79EFBC}") = "2509", "2509\2509.csproj", "{21E221F2-60E2-4976-8554-4786710D3B16}"
EndProject
Project("{FAE04EC0-301F-11D3-BF4B-00C04F79EFBC}") = "L9-10", "L9-10\L9-10.csproj", "{9BEEA473-29BC-4404-8792-6C67043F648F}"
EndProject
Global
	GlobalSection(SolutionConfigurationPlatforms) = preSolution
		Debug|Any CPU = Debug|Any CPU
		Release|Any CPU = Release|Any CPU
	EndGlobalSection
	GlobalSection(ProjectConfigurationPlatforms) = postSolution
		{CD91914B-3D1E-4ABD-98F3-C5704CCF8D4E}.Debug|Any CPU.ActiveCfg = Debug|Any CPU
		{CD91914B-3D1E-4ABD-98F3-C5704CCF8D4E}.Release|Any CPU.ActiveCfg = Release|Any CPU
		{CD91914B-3D1E-4ABD-98F3-C5704CCF8D4E}.Release|Any CPU.Build.0 = Release|Any CPU
		{4B9A54C6-AA83-4D13-A07C-999C448DD88E}.Debug|Any CPU.ActiveCfg = Debug|Any CPU
		{4B9A54C6-AA83-4D13-A07C-999C448DD88E}.Release|Any CPU.ActiveCfg = Release|Any CPU
		{4B9A54C6-AA83-4D13-A07C-999C448DD88E}.Release|Any CPU.Build.0 = Release|Any CPU
		{DAA3510D-3C0E-4138-9AF6-584743745CFC}.Debug|Any CPU.ActiveCfg = Debug|Any CPU
		{DAA3510D-3C0E-4138-9AF6-584743745CFC}.Release|Any CPU.ActiveCfg = Release|Any CPU
		{DAA3510D-3C0E-4138-9AF6-584743745CFC}.Release|Any CPU.Build.0 = Release|Any CPU
		{60D8F196-7D83-4DAB-B6FA-29AF61E5A878}.Debug|Any CPU.ActiveCfg = Debug|Any CPU
		{60D8F196-7D83-4DAB-B6FA-29AF61E5A878}.Release|Any CPU.ActiveCfg = Release|Any CPU
		{60D8F196-7D83-4DAB-B6FA-29AF61E5A878}.Release|Any CPU.Build.0 = Release|Any CPU
		{83435D92-B1C3-4917-A702-3E3458F2106F}.Debug|Any CPU.ActiveCfg = Debug|Any CPU
		{83435D92-B1C3-4917-A702-3E3458F2106F}.Release|Any CPU.ActiveCfg = Release|Any CPU
		{83435D92-B1C3-4917-A702-3E3458F2106F}.Release|Any CPU.Build.0 = Release|Any CPU
		{8195E509-F89B-44FF-A8F9-878D0C2BF6FD}.Debug|Any CPU.ActiveCfg = Debug|Any CPU
		{8195E509-F89B-44FF-A8F9-878D0C2BF6FD}.Debug|Any CPU.Build.0 = Debug|Any CPU
		{8195E509-F89B-44FF-A8F9-878D0C2BF6FD}.Release|Any CPU.ActiveCfg = Release|Any CPU
		{8195E509-F89B-44FF-A8F9-878D0C2BF6FD}.Release|Any CPU.Build.0 = Release|Any CPU
		{D2FB4015-E387-4C5B-9F55-BF5E27F9A4D8}.Debug|Any CPU.ActiveCfg = Debug|Any CPU
		{D2FB4015-E387-4C5B-9F55-BF5E27F9A4D8}.Debug|Any CPU.Build.0 = Debug|Any CPU
		{D2FB4015-E387-4C5B-9F55-BF5E27F9A4D8}.Release|Any CPU.ActiveCfg = Release|Any CPU
		{D2FB4015-E387-4C5B-9F55-BF5E27F9A4D8}.Release|Any CPU.Build.0 = Release|Any CPU
		{21E221F2-60E2-4976-8554-4786710D3B16}.Debug|Any CPU.ActiveCfg = Debug|Any CPU
		{21E221F2-60E2-4976-8554-4786710D3B16}.Debug|Any CPU.Build.0 = Debug|Any CPU
		{21E221F2-60E2-4976-8554-4786710D3B16}.Release|Any CPU.ActiveCfg = Release|Any CPU
		{21E221F2-60E2-4976-8554-4786710D3B16}.Release|Any CPU.Build.0 = Release|Any CPU
		{9BEEA473-29BC-4404-8792-6C67043F648F}.Debug|Any CPU.ActiveCfg = Debug|Any CPU
		{9BEEA473-29BC-4404-8792-6C67043F648F}.Debug|Any CPU.Build.0 = Debug|Any CPU
		{9BEEA473-29BC-4404-8792-6C67043F648F}.Release|Any CPU.ActiveCfg = Release|Any CPU
		{9BEEA473-29BC-4404-8792-6C67043F648F}.Release|Any CPU.Build.0 = Release|Any CPU
	EndGlobalSection
	GlobalSection(SolutionProperties) = preSolution
		HideSolutionNode = FALSE
	EndGlobalSection
	GlobalSection(ExtensibilityGlobals) = postSolution
		SolutionGuid = {687E8AF6-3A84-4964-B5C9-70348143F18A}
	EndGlobalSection
EndGlobal
